{
  "name": "y",
  "version": "1.0.0",
  "lockfileVersion": 2,
  "requires": true,
  "packages": {
    "": {
      "name": "y",
      "version": "1.0.0",
      "license": "ISC",
      "devDependencies": {
        "php-parser": "^3.1.0-beta.4"
      }
    },
    "node_modules/php-parser": {
      "version": "3.1.0-beta.4",
      "resolved": "https://registry.npmjs.org/php-parser/-/php-parser-3.1.0-beta.4.tgz",
      "integrity": "sha512-fLW5tSV8PK0Kizn+Wx1LrhJIFW5eYME4RXoHwIIXfArTBRs7RQJhoU016rXJTPQZIKAXo93ddVyojVvCOETxiA==",
      "dev": true
    }
  },
  "dependencies": {
    "php-parser": {
      "version": "3.1.0-beta.4",
      "resolved": "https://registry.npmjs.org/php-parser/-/php-parser-3.1.0-beta.4.tgz",
      "integrity": "sha512-fLW5tSV8PK0Kizn+Wx1LrhJIFW5eYME4RXoHwIIXfArTBRs7RQJhoU016rXJTPQZIKAXo93ddVyojVvCOETxiA==",
      "dev": true
    }
  }
}
