{
  "name": "y",
  "version": "0.0.0",
  "lockfileVersion": 2,
  "requires": true,
  "packages": {
    "": {
      "name": "y",
      "version": "0.0.0",
      "license": "GPL-3.0",
      "dependencies": {
        "php-parser": "3.1.0-beta.7"
      },
      "devDependencies": {}
    },
    "node_modules/php-parser": {
      "version": "3.1.0-beta.7",
      "resolved": "https://registry.npmjs.org/php-parser/-/php-parser-3.1.0-beta.7.tgz",
      "integrity": "sha512-d0Ic+st1I5ZxQ6sSv79dtWNTK4oT35JxA0G2yb/A4Kyi82TwUEEeCkyQu7GZ2tDP2QIVVuJoABLR2mXJXU9+wQ=="
    }
  },
  "dependencies": {
    "php-parser": {
      "version": "3.1.0-beta.7",
      "resolved": "https://registry.npmjs.org/php-parser/-/php-parser-3.1.0-beta.7.tgz",
      "integrity": "sha512-d0Ic+st1I5ZxQ6sSv79dtWNTK4oT35JxA0G2yb/A4Kyi82TwUEEeCkyQu7GZ2tDP2QIVVuJoABLR2mXJXU9+wQ=="
    }
  }
}
